hash: 7c146c85ec2c18f0bfc56a1a9438b6cf6eae3492642547934a441cf0a3dbeb84
updated: 2017-02-23T02:30:19.896020967-04:00
imports:
- name: golang.org/x/net
  version: 6b27048ae5e6ad1ef927e72e437531493de612fe
  subpackages:
  - context
- name: google.golang.org/grpc
  version: 708a7f9f3283aa2d4f6132d287d78683babe55c8
testImports: []
